# THIS IS AN AUTOGENERATED FILE. DO NOT EDIT THIS FILE DIRECTLY.
# yarn lockfile v1


deep-diff@^1.0.2:
  version "1.0.2"
  resolved "https://registry.yarnpkg.com/deep-diff/-/deep-diff-1.0.2.tgz#afd3d1f749115be965e89c63edc7abb1506b9c26"
  integrity sha512-aWS3UIVH+NPGCD1kki+DCU9Dua032iSsO43LqQpcs4R3+dVv7tX0qBGjiVHJHjplsoUM2XRO/KB92glqc68awg==

graphql-markdown@^6.0.0:
  version "6.0.0"
  resolved "https://registry.yarnpkg.com/graphql-markdown/-/graphql-markdown-6.0.0.tgz#e9b04b91a5c6305ff024e3796dd2f895e561f2fe"
  integrity sha512-VeTNRg8Qyzkki15n004qqUt4wGZrmxS8tIw2+2KhyUg0BrM1lR4RktXunPkxAMrEoHPQUa989KYJ9IJuD4A19A==
  dependencies:
    deep-diff "^1.0.2"
    lodash.isplainobject "^4.0.6"
    minimist "^1.2.0"
    node-fetch "^2.2.0"
    resolve-from "^4.0.0"

graphql@^15.5.0:
  version "15.5.0"
  resolved "https://registry.yarnpkg.com/graphql/-/graphql-15.5.0.tgz#39d19494dbe69d1ea719915b578bf920344a69d5"
  integrity sha512-OmaM7y0kaK31NKG31q4YbD2beNYa6jBBKtMFT6gLYJljHLJr42IqJ8KX08u3Li/0ifzTU5HjmoOOrwa5BRLeDA==

lodash.isplainobject@^4.0.6:
  version "4.0.6"
  resolved "https://registry.yarnpkg.com/lodash.isplainobject/-/lodash.isplainobject-4.0.6.tgz#7c526a52d89b45c45cc690b88163be0497f550cb"
  integrity sha1-fFJqUtibRcRcxpC4gWO+BJf1UMs=

minimist@^1.2.0:
  version "1.2.5"
  resolved "https://registry.yarnpkg.com/minimist/-/minimist-1.2.5.tgz#67d66014b66a6a8aaa0c083c5fd58df4e4e97602"
  integrity sha512-FM9nNUYrRBAELZQT3xeZQ7fmMOBg6nWNmJKTcgsJeaLstP/UODVpGsr5OhXhhXg6f+qtJ8uiZ+PUxkDWcgIXLw==

node-fetch@^2.2.0:
  version "2.6.1"
  resolved "https://registry.yarnpkg.com/node-fetch/-/node-fetch-2.6.1.tgz#045bd323631f76ed2e2b55573394416b639a0052"
  integrity sha512-V4aYg89jEoVRxRb2fJdAg8FHvI7cEyYdVAh94HH0UIK8oJxUfkjlDQN9RbMx+bEjP7+ggMiFRprSti032Oipxw==

resolve-from@^4.0.0:
  version "4.0.0"
  resolved "https://registry.yarnpkg.com/resolve-from/-/resolve-from-4.0.0.tgz#4abcd852ad32dd7baabfe9b40e00a36db5f392e6"
  integrity sha512-pb/MYmXstAkysRFx8piNI1tGFNQIFA3vkE3Gq4EuA1dF6gHp/+vgZqsCGJapvy8N3Q+4o7FwvquPJcnZ7RYy4g==
